// !$*UTF8*$!
{
	archiveVersion = 1;
	classes = {
	};
	objectVersion = 50;
	objects = {

/* Begin PBXBuildFile section */
		1C72C99A266BF69A001AB9B7 /* Shop.swift in Sources */ = {isa = PBXBuildFile; fileRef = 1C72C999266BF69A001AB9B7 /* Shop.swift */; };
		1CA04453266A704D00B085D0 /* TitleView.swift in Sources */ = {isa = PBXBuildFile; fileRef = 1CA04452266A704D00B085D0 /* TitleView.swift */; };
		1CA04455266A71A600B085D0 /* ProductModel.swift in Sources */ = {isa = PBXBuildFile; fileRef = 1CA04454266A71A600B085D0 /* ProductModel.swift */; };
		1CA04457266A725500B085D0 /* ProductItemView.swift in Sources */ = {isa = PBXBuildFile; fileRef = 1CA04456266A725500B085D0 /* ProductItemView.swift */; };
		1CA04459266A778800B085D0 /* BrandModel.swift in Sources */ = {isa = PBXBuildFile; fileRef = 1CA04458266A778800B085D0 /* BrandModel.swift */; };
		1CA0445B266A780A00B085D0 /* BrandItemView.swift in Sources */ = {isa = PBXBuildFile; fileRef = 1CA0445A266A780A00B085D0 /* BrandItemView.swift */; };
		1CA0445D266A793300B085D0 /* BrandGridView.swift in Sources */ = {isa = PBXBuildFile; fileRef = 1CA0445C266A793300B085D0 /* BrandGridView.swift */; };
		1CA0445F266A93B200B085D0 /* ProductDetailView.swift in Sources */ = {isa = PBXBuildFile; fileRef = 1CA0445E266A93B200B085D0 /* ProductDetailView.swift */; };
		1CA04461266A95E300B085D0 /* NavigationBarDetailView.swift in Sources */ = {isa = PBXBuildFile; fileRef = 1CA04460266A95E300B085D0 /* NavigationBarDetailView.swift */; };
		1CA04463266A972700B085D0 /* HeaderDetailView.swift in Sources */ = {isa = PBXBuildFile; fileRef = 1CA04462266A972700B085D0 /* HeaderDetailView.swift */; };
		1CA04465266A982C00B085D0 /* TopPartDetailView.swift in Sources */ = {isa = PBXBuildFile; fileRef = 1CA04464266A982C00B085D0 /* TopPartDetailView.swift */; };
		1CA04467266ABC4100B085D0 /* CustomShape.swift in Sources */ = {isa = PBXBuildFile; fileRef = 1CA04466266ABC4100B085D0 /* CustomShape.swift */; };
		1CA04469266ABE2A00B085D0 /* RatingSizeDetailView.swift in Sources */ = {isa = PBXBuildFile; fileRef = 1CA04468266ABE2A00B085D0 /* RatingSizeDetailView.swift */; };
		1CA0446B266AC26700B085D0 /* QuantityFavoriteDetailView.swift in Sources */ = {isa = PBXBuildFile; fileRef = 1CA0446A266AC26700B085D0 /* QuantityFavoriteDetailView.swift */; };
		1CA0446D266AC49E00B085D0 /* AddToCartDetailView.swift in Sources */ = {isa = PBXBuildFile; fileRef = 1CA0446C266AC49E00B085D0 /* AddToCartDetailView.swift */; };
		1CA06D7F266540BE00E89818 /* PlayerModel.swift in Sources */ = {isa = PBXBuildFile; fileRef = 1CA06D7E266540BE00E89818 /* PlayerModel.swift */; };
		1CA06D812665412700E89818 /* CodableBundleExt.swift in Sources */ = {isa = PBXBuildFile; fileRef = 1CA06D802665412700E89818 /* CodableBundleExt.swift */; };
		1CA06D832665432600E89818 /* FeaturedItemView.swift in Sources */ = {isa = PBXBuildFile; fileRef = 1CA06D822665432600E89818 /* FeaturedItemView.swift */; };
		1CA06D852665445B00E89818 /* FeaturedTabView.swift in Sources */ = {isa = PBXBuildFile; fileRef = 1CA06D842665445A00E89818 /* FeaturedTabView.swift */; };
		1CE01CF4266163E800D9433F /* touchdownApp.swift in Sources */ = {isa = PBXBuildFile; fileRef = 1CE01CF3266163E800D9433F /* touchdownApp.swift */; };
		1CE01CF6266163E800D9433F /* ContentView.swift in Sources */ = {isa = PBXBuildFile; fileRef = 1CE01CF5266163E800D9433F /* ContentView.swift */; };
		1CE01CF8266163EF00D9433F /* Assets.xcassets in Resources */ = {isa = PBXBuildFile; fileRef = 1CE01CF7266163EF00D9433F /* Assets.xcassets */; };
		1CE01CFB266163EF00D9433F /* Preview Assets.xcassets in Resources */ = {isa = PBXBuildFile; fileRef = 1CE01CFA266163EF00D9433F /* Preview Assets.xcassets */; };
		1CE01D092661656A00D9433F /* player.json in Resources */ = {isa = PBXBuildFile; fileRef = 1CE01D052661656900D9433F /* player.json */; };
		1CE01D0A2661656A00D9433F /* brand.json in Resources */ = {isa = PBXBuildFile; fileRef = 1CE01D062661656A00D9433F /* brand.json */; };
		1CE01D0B2661656A00D9433F /* category.json in Resources */ = {isa = PBXBuildFile; fileRef = 1CE01D072661656A00D9433F /* category.json */; };
		1CE01D0C2661656A00D9433F /* product.json in Resources */ = {isa = PBXBuildFile; fileRef = 1CE01D082661656A00D9433F /* product.json */; };
		1CE01D132661674A00D9433F /* Constants.swift in Sources */ = {isa = PBXBuildFile; fileRef = 1CE01D122661674A00D9433F /* Constants.swift */; };
		1CE01D15266167E300D9433F /* FooterView.swift in Sources */ = {isa = PBXBuildFile; fileRef = 1CE01D14266167E300D9433F /* FooterView.swift */; };
		1CE9262B2666867300B11EBB /* CategoryModel.swift in Sources */ = {isa = PBXBuildFile; fileRef = 1CE9262A2666867300B11EBB /* CategoryModel.swift */; };
		1CE9262D266687BA00B11EBB /* CategoryItemView.swift in Sources */ = {isa = PBXBuildFile; fileRef = 1CE9262C266687B900B11EBB /* CategoryItemView.swift */; };
		1CE9262F2666897F00B11EBB /* CategoryGridView.swift in Sources */ = {isa = PBXBuildFile; fileRef = 1CE9262E2666897F00B11EBB /* CategoryGridView.swift */; };
		1CE9263126668B5400B11EBB /* SectionView.swift in Sources */ = {isa = PBXBuildFile; fileRef = 1CE9263026668B5400B11EBB /* SectionView.swift */; };
		1CEC81592663A9AC0087DABD /* NavigationBarView.swift in Sources */ = {isa = PBXBuildFile; fileRef = 1CEC81582663A9AC0087DABD /* NavigationBarView.swift */; };
		1CEC815B2663AACB0087DABD /* LogoView.swift in Sources */ = {isa = PBXBuildFile; fileRef = 1CEC815A2663AACB0087DABD /* LogoView.swift */; };
/* End PBXBuildFile section */

/* Begin PBXFileReference section */
		1C72C999266BF69A001AB9B7 /* Shop.swift */ = {isa = PBXFileReference; lastKnownFileType = sourcecode.swift; path = Shop.swift; sourceTree = "<group>"; };
		1CA04452266A704D00B085D0 /* TitleView.swift */ = {isa = PBXFileReference; lastKnownFileType = sourcecode.swift; path = TitleView.swift; sourceTree = "<group>"; };
		1CA04454266A71A600B085D0 /* ProductModel.swift */ = {isa = PBXFileReference; lastKnownFileType = sourcecode.swift; path = ProductModel.swift; sourceTree = "<group>"; };
		1CA04456266A725500B085D0 /* ProductItemView.swift */ = {isa = PBXFileReference; lastKnownFileType = sourcecode.swift; path = ProductItemView.swift; sourceTree = "<group>"; };
		1CA04458266A778800B085D0 /* BrandModel.swift */ = {isa = PBXFileReference; lastKnownFileType = sourcecode.swift; path = BrandModel.swift; sourceTree = "<group>"; };
		1CA0445A266A780A00B085D0 /* BrandItemView.swift */ = {isa = PBXFileReference; lastKnownFileType = sourcecode.swift; path = BrandItemView.swift; sourceTree = "<group>"; };
		1CA0445C266A793300B085D0 /* BrandGridView.swift */ = {isa = PBXFileReference; lastKnownFileType = sourcecode.swift; path = BrandGridView.swift; sourceTree = "<group>"; };
		1CA0445E266A93B200B085D0 /* ProductDetailView.swift */ = {isa = PBXFileReference; lastKnownFileType = sourcecode.swift; path = ProductDetailView.swift; sourceTree = "<group>"; };
		1CA04460266A95E300B085D0 /* NavigationBarDetailView.swift */ = {isa = PBXFileReference; lastKnownFileType = sourcecode.swift; path = NavigationBarDetailView.swift; sourceTree = "<group>"; };
		1CA04462266A972700B085D0 /* HeaderDetailView.swift */ = {isa = PBXFileReference; lastKnownFileType = sourcecode.swift; path = HeaderDetailView.swift; sourceTree = "<group>"; };
		1CA04464266A982C00B085D0 /* TopPartDetailView.swift */ = {isa = PBXFileReference; lastKnownFileType = sourcecode.swift; path = TopPartDetailView.swift; sourceTree = "<group>"; };
		1CA04466266ABC4100B085D0 /* CustomShape.swift */ = {isa = PBXFileReference; lastKnownFileType = sourcecode.swift; path = CustomShape.swift; sourceTree = "<group>"; };
		1CA04468266ABE2A00B085D0 /* RatingSizeDetailView.swift */ = {isa = PBXFileReference; lastKnownFileType = sourcecode.swift; path = RatingSizeDetailView.swift; sourceTree = "<group>"; };
		1CA0446A266AC26700B085D0 /* QuantityFavoriteDetailView.swift */ = {isa = PBXFileReference; lastKnownFileType = sourcecode.swift; path = QuantityFavoriteDetailView.swift; sourceTree = "<group>"; };
		1CA0446C266AC49E00B085D0 /* AddToCartDetailView.swift */ = {isa = PBXFileReference; lastKnownFileType = sourcecode.swift; path = AddToCartDetailView.swift; sourceTree = "<group>"; };
		1CA06D7E266540BE00E89818 /* PlayerModel.swift */ = {isa = PBXFileReference; lastKnownFileType = sourcecode.swift; path = PlayerModel.swift; sourceTree = "<group>"; };
		1CA06D802665412700E89818 /* CodableBundleExt.swift */ = {isa = PBXFileReference; lastKnownFileType = sourcecode.swift; path = CodableBundleExt.swift; sourceTree = "<group>"; };
		1CA06D822665432600E89818 /* FeaturedItemView.swift */ = {isa = PBXFileReference; lastKnownFileType = sourcecode.swift; path = FeaturedItemView.swift; sourceTree = "<group>"; };
		1CA06D842665445A00E89818 /* FeaturedTabView.swift */ = {isa = PBXFileReference; lastKnownFileType = sourcecode.swift; path = FeaturedTabView.swift; sourceTree = "<group>"; };
		1CE01CF0266163E800D9433F /* touchdown.app */ = {isa = PBXFileReference; explicitFileType = wrapper.application; includeInIndex = 0; path = touchdown.app; sourceTree = BUILT_PRODUCTS_DIR; };
		1CE01CF3266163E800D9433F /* touchdownApp.swift */ = {isa = PBXFileReference; lastKnownFileType = sourcecode.swift; path = touchdownApp.swift; sourceTree = "<group>"; };
		1CE01CF5266163E800D9433F /* ContentView.swift */ = {isa = PBXFileReference; lastKnownFileType = sourcecode.swift; path = ContentView.swift; sourceTree = "<group>"; };
		1CE01CF7266163EF00D9433F /* Assets.xcassets */ = {isa = PBXFileReference; lastKnownFileType = folder.assetcatalog; path = Assets.xcassets; sourceTree = "<group>"; };
		1CE01CFA266163EF00D9433F /* Preview Assets.xcassets */ = {isa = PBXFileReference; lastKnownFileType = folder.assetcatalog; path = "Preview Assets.xcassets"; sourceTree = "<group>"; };
		1CE01CFC266163EF00D9433F /* Info.plist */ = {isa = PBXFileReference; lastKnownFileType = text.plist.xml; path = Info.plist; sourceTree = "<group>"; };
		1CE01D052661656900D9433F /* player.json */ = {isa = PBXFileReference; fileEncoding = 4; lastKnownFileType = text.json; path = player.json; sourceTree = "<group>"; };
		1CE01D062661656A00D9433F /* brand.json */ = {isa = PBXFileReference; fileEncoding = 4; lastKnownFileType = text.json; path = brand.json; sourceTree = "<group>"; };
		1CE01D072661656A00D9433F /* category.json */ = {isa = PBXFileReference; fileEncoding = 4; lastKnownFileType = text.json; path = category.json; sourceTree = "<group>"; };
		1CE01D082661656A00D9433F /* product.json */ = {isa = PBXFileReference; fileEncoding = 4; lastKnownFileType = text.json; path = product.json; sourceTree = "<group>"; };
		1CE01D122661674A00D9433F /* Constants.swift */ = {isa = PBXFileReference; lastKnownFileType = sourcecode.swift; path = Constants.swift; sourceTree = "<group>"; };
		1CE01D14266167E300D9433F /* FooterView.swift */ = {isa = PBXFileReference; lastKnownFileType = sourcecode.swift; path = FooterView.swift; sourceTree = "<group>"; };
		1CE9262A2666867300B11EBB /* CategoryModel.swift */ = {isa = PBXFileReference; lastKnownFileType = sourcecode.swift; path = CategoryModel.swift; sourceTree = "<group>"; };
		1CE9262C266687B900B11EBB /* CategoryItemView.swift */ = {isa = PBXFileReference; lastKnownFileType = sourcecode.swift; path = CategoryItemView.swift; sourceTree = "<group>"; };
		1CE9262E2666897F00B11EBB /* CategoryGridView.swift */ = {isa = PBXFileReference; lastKnownFileType = sourcecode.swift; path = CategoryGridView.swift; sourceTree = "<group>"; };
		1CE9263026668B5400B11EBB /* SectionView.swift */ = {isa = PBXFileReference; lastKnownFileType = sourcecode.swift; path = SectionView.swift; sourceTree = "<group>"; };
		1CEC81582663A9AC0087DABD /* NavigationBarView.swift */ = {isa = PBXFileReference; lastKnownFileType = sourcecode.swift; path = NavigationBarView.swift; sourceTree = "<group>"; };
		1CEC815A2663AACB0087DABD /* LogoView.swift */ = {isa = PBXFileReference; lastKnownFileType = sourcecode.swift; path = LogoView.swift; sourceTree = "<group>"; };
/* End PBXFileReference section */

/* Begin PBXFrameworksBuildPhase section */
		1CE01CED266163E800D9433F /* Frameworks */ = {
			isa = PBXFrameworksBuildPhase;
			buildActionMask = 2147483647;
			files = (
			);
			runOnlyForDeploymentPostprocessing = 0;
		};
/* End PBXFrameworksBuildPhase section */

/* Begin PBXGroup section */
		1CE01CE7266163E800D9433F = {
			isa = PBXGroup;
			children = (
				1CE01CF2266163E800D9433F /* touchdown */,
				1CE01CF1266163E800D9433F /* Products */,
			);
			sourceTree = "<group>";
		};
		1CE01CF1266163E800D9433F /* Products */ = {
			isa = PBXGroup;
			children = (
				1CE01CF0266163E800D9433F /* touchdown.app */,
			);
			name = Products;
			sourceTree = "<group>";
		};
		1CE01CF2266163E800D9433F /* touchdown */ = {
			isa = PBXGroup;
			children = (
				1CE01D022661641B00D9433F /* App */,
				1CE01D032661642000D9433F /* Views */,
				1CE01D0D2661657C00D9433F /* Data */,
				1CE01D042661642700D9433F /* Models */,
				1CE01D0E2661667500D9433F /* Extensions */,
				1CE01D0F2661667D00D9433F /* Utilities */,
				1CE01CF7266163EF00D9433F /* Assets.xcassets */,
				1CE01CFC266163EF00D9433F /* Info.plist */,
				1CE01CF9266163EF00D9433F /* Preview Content */,
			);
			path = touchdown;
			sourceTree = "<group>";
		};
		1CE01CF9266163EF00D9433F /* Preview Content */ = {
			isa = PBXGroup;
			children = (
				1CE01CFA266163EF00D9433F /* Preview Assets.xcassets */,
			);
			path = "Preview Content";
			sourceTree = "<group>";
		};
		1CE01D022661641B00D9433F /* App */ = {
			isa = PBXGroup;
			children = (
				1CE01CF3266163E800D9433F /* touchdownApp.swift */,
				1CE01CF5266163E800D9433F /* ContentView.swift */,
				1CA0445E266A93B200B085D0 /* ProductDetailView.swift */,
			);
			path = App;
			sourceTree = "<group>";
		};
		1CE01D032661642000D9433F /* Views */ = {
			isa = PBXGroup;
			children = (
				1CE01D112661669B00D9433F /* Home */,
				1CE01D102661669500D9433F /* Detail */,
			);
			path = Views;
			sourceTree = "<group>";
		};
		1CE01D042661642700D9433F /* Models */ = {
			isa = PBXGroup;
			children = (
				1CA06D7E266540BE00E89818 /* PlayerModel.swift */,
				1CE9262A2666867300B11EBB /* CategoryModel.swift */,
				1CA04454266A71A600B085D0 /* ProductModel.swift */,
				1CA04458266A778800B085D0 /* BrandModel.swift */,
			);
			path = Models;
			sourceTree = "<group>";
		};
		1CE01D0D2661657C00D9433F /* Data */ = {
			isa = PBXGroup;
			children = (
				1CE01D062661656A00D9433F /* brand.json */,
				1CE01D072661656A00D9433F /* category.json */,
				1CE01D052661656900D9433F /* player.json */,
				1CE01D082661656A00D9433F /* product.json */,
			);
			path = Data;
			sourceTree = "<group>";
		};
		1CE01D0E2661667500D9433F /* Extensions */ = {
			isa = PBXGroup;
			children = (
				1CA06D802665412700E89818 /* CodableBundleExt.swift */,
			);
			path = Extensions;
			sourceTree = "<group>";
		};
		1CE01D0F2661667D00D9433F /* Utilities */ = {
			isa = PBXGroup;
			children = (
				1CE01D122661674A00D9433F /* Constants.swift */,
				1CA04466266ABC4100B085D0 /* CustomShape.swift */,
				1C72C999266BF69A001AB9B7 /* Shop.swift */,
			);
			path = Utilities;
			sourceTree = "<group>";
		};
		1CE01D102661669500D9433F /* Detail */ = {
			isa = PBXGroup;
			children = (
				1CA04460266A95E300B085D0 /* NavigationBarDetailView.swift */,
				1CA04462266A972700B085D0 /* HeaderDetailView.swift */,
				1CA04464266A982C00B085D0 /* TopPartDetailView.swift */,
				1CA04468266ABE2A00B085D0 /* RatingSizeDetailView.swift */,
				1CA0446A266AC26700B085D0 /* QuantityFavoriteDetailView.swift */,
				1CA0446C266AC49E00B085D0 /* AddToCartDetailView.swift */,
			);
			path = Detail;
			sourceTree = "<group>";
		};
		1CE01D112661669B00D9433F /* Home */ = {
			isa = PBXGroup;
			children = (
				1CEC81582663A9AC0087DABD /* NavigationBarView.swift */,
				1CEC815A2663AACB0087DABD /* LogoView.swift */,
				1CA06D842665445A00E89818 /* FeaturedTabView.swift */,
				1CA06D822665432600E89818 /* FeaturedItemView.swift */,
				1CE9262E2666897F00B11EBB /* CategoryGridView.swift */,
				1CE9262C266687B900B11EBB /* CategoryItemView.swift */,
				1CE9263026668B5400B11EBB /* SectionView.swift */,
				1CA04452266A704D00B085D0 /* TitleView.swift */,
				1CA04456266A725500B085D0 /* ProductItemView.swift */,
				1CA0445C266A793300B085D0 /* BrandGridView.swift */,
				1CA0445A266A780A00B085D0 /* BrandItemView.swift */,
				1CE01D14266167E300D9433F /* FooterView.swift */,
			);
			path = Home;
			sourceTree = "<group>";
		};
/* End PBXGroup section */

/* Begin PBXNativeTarget section */
		1CE01CEF266163E800D9433F /* touchdown */ = {
			isa = PBXNativeTarget;
			buildConfigurationList = 1CE01CFF266163EF00D9433F /* Build configuration list for PBXNativeTarget "touchdown" */;
			buildPhases = (
				1CE01CEC266163E800D9433F /* Sources */,
				1CE01CED266163E800D9433F /* Frameworks */,
				1CE01CEE266163E800D9433F /* Resources */,
			);
			buildRules = (
			);
			dependencies = (
			);
			name = touchdown;
			productName = touchdown;
			productReference = 1CE01CF0266163E800D9433F /* touchdown.app */;
			productType = "com.apple.product-type.application";
		};
/* End PBXNativeTarget section */

/* Begin PBXProject section */
		1CE01CE8266163E800D9433F /* Project object */ = {
			isa = PBXProject;
			attributes = {
				LastSwiftUpdateCheck = 1250;
				LastUpgradeCheck = 1250;
				TargetAttributes = {
					1CE01CEF266163E800D9433F = {
						CreatedOnToolsVersion = 12.5;
					};
				};
			};
			buildConfigurationList = 1CE01CEB266163E800D9433F /* Build configuration list for PBXProject "touchdown" */;
			compatibilityVersion = "Xcode 9.3";
			developmentRegion = en;
			hasScannedForEncodings = 0;
			knownRegions = (
				en,
				Base,
			);
			mainGroup = 1CE01CE7266163E800D9433F;
			productRefGroup = 1CE01CF1266163E800D9433F /* Products */;
			projectDirPath = "";
			projectRoot = "";
			targets = (
				1CE01CEF266163E800D9433F /* touchdown */,
			);
		};
/* End PBXProject section */

/* Begin PBXResourcesBuildPhase section */
		1CE01CEE266163E800D9433F /* Resources */ = {
			isa = PBXResourcesBuildPhase;
			buildActionMask = 2147483647;
			files = (
				1CE01D092661656A00D9433F /* player.json in Resources */,
				1CE01D0A2661656A00D9433F /* brand.json in Resources */,
				1CE01D0B2661656A00D9433F /* category.json in Resources */,
				1CE01CFB266163EF00D9433F /* Preview Assets.xcassets in Resources */,
				1CE01CF8266163EF00D9433F /* Assets.xcassets in Resources */,
				1CE01D0C2661656A00D9433F /* product.json in Resources */,
			);
			runOnlyForDeploymentPostprocessing = 0;
		};
/* End PBXResourcesBuildPhase section */

/* Begin PBXSourcesBuildPhase section */
		1CE01CEC266163E800D9433F /* Sources */ = {
			isa = PBXSourcesBuildPhase;
			buildActionMask = 2147483647;
			files = (
				1CE01CF6266163E800D9433F /* ContentView.swift in Sources */,
				1CA04463266A972700B085D0 /* HeaderDetailView.swift in Sources */,
				1CA04465266A982C00B085D0 /* TopPartDetailView.swift in Sources */,
				1CEC815B2663AACB0087DABD /* LogoView.swift in Sources */,
				1CA0446B266AC26700B085D0 /* QuantityFavoriteDetailView.swift in Sources */,
				1CE01D15266167E300D9433F /* FooterView.swift in Sources */,
				1CE01CF4266163E800D9433F /* touchdownApp.swift in Sources */,
				1CA06D832665432600E89818 /* FeaturedItemView.swift in Sources */,
				1CA0446D266AC49E00B085D0 /* AddToCartDetailView.swift in Sources */,
				1CA04457266A725500B085D0 /* ProductItemView.swift in Sources */,
				1CA0445D266A793300B085D0 /* BrandGridView.swift in Sources */,
				1CE01D132661674A00D9433F /* Constants.swift in Sources */,
				1CA0445F266A93B200B085D0 /* ProductDetailView.swift in Sources */,
				1CA04461266A95E300B085D0 /* NavigationBarDetailView.swift in Sources */,
				1CEC81592663A9AC0087DABD /* NavigationBarView.swift in Sources */,
				1CE9262F2666897F00B11EBB /* CategoryGridView.swift in Sources */,
				1CE9262B2666867300B11EBB /* CategoryModel.swift in Sources */,
				1CA06D812665412700E89818 /* CodableBundleExt.swift in Sources */,
				1CE9263126668B5400B11EBB /* SectionView.swift in Sources */,
				1CA0445B266A780A00B085D0 /* BrandItemView.swift in Sources */,
				1CE9262D266687BA00B11EBB /* CategoryItemView.swift in Sources */,
				1CA06D852665445B00E89818 /* FeaturedTabView.swift in Sources */,
				1CA04467266ABC4100B085D0 /* CustomShape.swift in Sources */,
				1CA04469266ABE2A00B085D0 /* RatingSizeDetailView.swift in Sources */,
				1C72C99A266BF69A001AB9B7 /* Shop.swift in Sources */,
				1CA06D7F266540BE00E89818 /* PlayerModel.swift in Sources */,
				1CA04459266A778800B085D0 /* BrandModel.swift in Sources */,
				1CA04453266A704D00B085D0 /* TitleView.swift in Sources */,
				1CA04455266A71A600B085D0 /* ProductModel.swift in Sources */,
			);
			runOnlyForDeploymentPostprocessing = 0;
		};
/* End PBXSourcesBuildPhase section */

/* Begin XCBuildConfiguration section */
		1CE01CFD266163EF00D9433F /* Debug */ = {
			isa = XCBuildConfiguration;
			buildSettings = {
				ALWAYS_SEARCH_USER_PATHS = NO;
				CLANG_ANALYZER_NONNULL = YES;
				CLANG_ANALYZER_NUMBER_OBJECT_CONVERSION = YES_AGGRESSIVE;
				CLANG_CXX_LANGUAGE_STANDARD = "gnu++14";
				CLANG_CXX_LIBRARY = "libc++";
				CLANG_ENABLE_MODULES = YES;
				CLANG_ENABLE_OBJC_ARC = YES;
				CLANG_ENABLE_OBJC_WEAK = YES;
				CLANG_WARN_BLOCK_CAPTURE_AUTORELEASING = YES;
				CLANG_WARN_BOOL_CONVERSION = YES;
				CLANG_WARN_COMMA = YES;
				CLANG_WARN_CONSTANT_CONVERSION = YES;
				CLANG_WARN_DEPRECATED_OBJC_IMPLEMENTATIONS = YES;
				CLANG_WARN_DIRECT_OBJC_ISA_USAGE = YES_ERROR;
				CLANG_WARN_DOCUMENTATION_COMMENTS = YES;
				CLANG_WARN_EMPTY_BODY = YES;
				CLANG_WARN_ENUM_CONVERSION = YES;
				CLANG_WARN_INFINITE_RECURSION = YES;
				CLANG_WARN_INT_CONVERSION = YES;
				CLANG_WARN_NON_LITERAL_NULL_CONVERSION = YES;
				CLANG_WARN_OBJC_IMPLICIT_RETAIN_SELF = YES;
				CLANG_WARN_OBJC_LITERAL_CONVERSION = YES;
				CLANG_WARN_OBJC_ROOT_CLASS = YES_ERROR;
				CLANG_WARN_QUOTED_INCLUDE_IN_FRAMEWORK_HEADER = YES;
				CLANG_WARN_RANGE_LOOP_ANALYSIS = YES;
				CLANG_WARN_STRICT_PROTOTYPES = YES;
				CLANG_WARN_SUSPICIOUS_MOVE = YES;
				CLANG_WARN_UNGUARDED_AVAILABILITY = YES_AGGRESSIVE;
				CLANG_WARN_UNREACHABLE_CODE = YES;
				CLANG_WARN__DUPLICATE_METHOD_MATCH = YES;
				COPY_PHASE_STRIP = NO;
				DEBUG_INFORMATION_FORMAT = dwarf;
				ENABLE_STRICT_OBJC_MSGSEND = YES;
				ENABLE_TESTABILITY = YES;
				GCC_C_LANGUAGE_STANDARD = gnu11;
				GCC_DYNAMIC_NO_PIC = NO;
				GCC_NO_COMMON_BLOCKS = YES;
				GCC_OPTIMIZATION_LEVEL = 0;
				GCC_PREPROCESSOR_DEFINITIONS = (
					"DEBUG=1",
					"$(inherited)",
				);
				GCC_WARN_64_TO_32_BIT_CONVERSION = YES;
				GCC_WARN_ABOUT_RETURN_TYPE = YES_ERROR;
				GCC_WARN_UNDECLARED_SELECTOR = YES;
				GCC_WARN_UNINITIALIZED_AUTOS = YES_AGGRESSIVE;
				GCC_WARN_UNUSED_FUNCTION = YES;
				GCC_WARN_UNUSED_VARIABLE = YES;
				IPHONEOS_DEPLOYMENT_TARGET = 14.5;
				MTL_ENABLE_DEBUG_INFO = INCLUDE_SOURCE;
				MTL_FAST_MATH = YES;
				ONLY_ACTIVE_ARCH = YES;
				SDKROOT = iphoneos;
				SWIFT_ACTIVE_COMPILATION_CONDITIONS = DEBUG;
				SWIFT_OPTIMIZATION_LEVEL = "-Onone";
			};
			name = Debug;
		};
		1CE01CFE266163EF00D9433F /* Release */ = {
			isa = XCBuildConfiguration;
			buildSettings = {
				ALWAYS_SEARCH_USER_PATHS = NO;
				CLANG_ANALYZER_NONNULL = YES;
				CLANG_ANALYZER_NUMBER_OBJECT_CONVERSION = YES_AGGRESSIVE;
				CLANG_CXX_LANGUAGE_STANDARD = "gnu++14";
				CLANG_CXX_LIBRARY = "libc++";
				CLANG_ENABLE_MODULES = YES;
				CLANG_ENABLE_OBJC_ARC = YES;
				CLANG_ENABLE_OBJC_WEAK = YES;
				CLANG_WARN_BLOCK_CAPTURE_AUTORELEASING = YES;
				CLANG_WARN_BOOL_CONVERSION = YES;
				CLANG_WARN_COMMA = YES;
				CLANG_WARN_CONSTANT_CONVERSION = YES;
				CLANG_WARN_DEPRECATED_OBJC_IMPLEMENTATIONS = YES;
				CLANG_WARN_DIRECT_OBJC_ISA_USAGE = YES_ERROR;
				CLANG_WARN_DOCUMENTATION_COMMENTS = YES;
				CLANG_WARN_EMPTY_BODY = YES;
				CLANG_WARN_ENUM_CONVERSION = YES;
				CLANG_WARN_INFINITE_RECURSION = YES;
				CLANG_WARN_INT_CONVERSION = YES;
				CLANG_WARN_NON_LITERAL_NULL_CONVERSION = YES;
				CLANG_WARN_OBJC_IMPLICIT_RETAIN_SELF = YES;
				CLANG_WARN_OBJC_LITERAL_CONVERSION = YES;
				CLANG_WARN_OBJC_ROOT_CLASS = YES_ERROR;
				CLANG_WARN_QUOTED_INCLUDE_IN_FRAMEWORK_HEADER = YES;
				CLANG_WARN_RANGE_LOOP_ANALYSIS = YES;
				CLANG_WARN_STRICT_PROTOTYPES = YES;
				CLANG_WARN_SUSPICIOUS_MOVE = YES;
				CLANG_WARN_UNGUARDED_AVAILABILITY = YES_AGGRESSIVE;
				CLANG_WARN_UNREACHABLE_CODE = YES;
				CLANG_WARN__DUPLICATE_METHOD_MATCH = YES;
				COPY_PHASE_STRIP = NO;
				DEBUG_INFORMATION_FORMAT = "dwarf-with-dsym";
				ENABLE_NS_ASSERTIONS = NO;
				ENABLE_STRICT_OBJC_MSGSEND = YES;
				GCC_C_LANGUAGE_STANDARD = gnu11;
				GCC_NO_COMMON_BLOCKS = YES;
				GCC_WARN_64_TO_32_BIT_CONVERSION = YES;
				GCC_WARN_ABOUT_RETURN_TYPE = YES_ERROR;
				GCC_WARN_UNDECLARED_SELECTOR = YES;
				GCC_WARN_UNINITIALIZED_AUTOS = YES_AGGRESSIVE;
				GCC_WARN_UNUSED_FUNCTION = YES;
				GCC_WARN_UNUSED_VARIABLE = YES;
				IPHONEOS_DEPLOYMENT_TARGET = 14.5;
				MTL_ENABLE_DEBUG_INFO = NO;
				MTL_FAST_MATH = YES;
				SDKROOT = iphoneos;
				SWIFT_COMPILATION_MODE = wholemodule;
				SWIFT_OPTIMIZATION_LEVEL = "-O";
				VALIDATE_PRODUCT = YES;
			};
			name = Release;
		};
		1CE01D00266163EF00D9433F /* Debug */ = {
			isa = XCBuildConfiguration;
			buildSettings = {
				ASSETCATALOG_COMPILER_APPICON_NAME = AppIcon;
				ASSETCATALOG_COMPILER_GLOBAL_ACCENT_COLOR_NAME = AccentColor;
				CODE_SIGN_STYLE = Automatic;
				DEVELOPMENT_ASSET_PATHS = "\"touchdown/Preview Content\"";
				DEVELOPMENT_TEAM = 9YBQ5S77GM;
				ENABLE_PREVIEWS = YES;
				INFOPLIST_FILE = touchdown/Info.plist;
				IPHONEOS_DEPLOYMENT_TARGET = 14.0;
				LD_RUNPATH_SEARCH_PATHS = (
					"$(inherited)",
					"@executable_path/Frameworks",
				);
				PRODUCT_BUNDLE_IDENTIFIER = com.joshcourtney.touchdown;
				PRODUCT_NAME = "$(TARGET_NAME)";
				SWIFT_VERSION = 5.0;
				TARGETED_DEVICE_FAMILY = "1,2";
			};
			name = Debug;
		};
		1CE01D01266163EF00D9433F /* Release */ = {
			isa = XCBuildConfiguration;
			buildSettings = {
				ASSETCATALOG_COMPILER_APPICON_NAME = AppIcon;
				ASSETCATALOG_COMPILER_GLOBAL_ACCENT_COLOR_NAME = AccentColor;
				CODE_SIGN_STYLE = Automatic;
				DEVELOPMENT_ASSET_PATHS = "\"touchdown/Preview Content\"";
				DEVELOPMENT_TEAM = 9YBQ5S77GM;
				ENABLE_PREVIEWS = YES;
				INFOPLIST_FILE = touchdown/Info.plist;
				IPHONEOS_DEPLOYMENT_TARGET = 14.0;
				LD_RUNPATH_SEARCH_PATHS = (
					"$(inherited)",
					"@executable_path/Frameworks",
				);
				PRODUCT_BUNDLE_IDENTIFIER = com.joshcourtney.touchdown;
				PRODUCT_NAME = "$(TARGET_NAME)";
				SWIFT_VERSION = 5.0;
				TARGETED_DEVICE_FAMILY = "1,2";
			};
			name = Release;
		};
/* End XCBuildConfiguration section */

/* Begin XCConfigurationList section */
		1CE01CEB266163E800D9433F /* Build configuration list for PBXProject "touchdown" */ = {
			isa = XCConfigurationList;
			buildConfigurations = (
				1CE01CFD266163EF00D9433F /* Debug */,
				1CE01CFE266163EF00D9433F /* Release */,
			);
			defaultConfigurationIsVisible = 0;
			defaultConfigurationName = Release;
		};
		1CE01CFF266163EF00D9433F /* Build configuration list for PBXNativeTarget "touchdown" */ = {
			isa = XCConfigurationList;
			buildConfigurations = (
				1CE01D00266163EF00D9433F /* Debug */,
				1CE01D01266163EF00D9433F /* Release */,
			);
			defaultConfigurationIsVisible = 0;
			defaultConfigurationName = Release;
		};
/* End XCConfigurationList section */
	};
	rootObject = 1CE01CE8266163E800D9433F /* Project object */;
}
